
Microsoft Visual Studio Solution File, Format Version 12.00
Project("{FAE04EC0-301F-11D3-BF4B-00C04F79EFBC}") = "Travis", "Travis\Travis.csproj", "{624E8347-A81B-417E-90FD-F6978D575036}"
EndProject
Project("{FAE04EC0-301F-11D3-BF4B-00C04F79EFBC}") = "TravisTests", "TravisTests\TravisTests.csproj", "{AC8CFB81-0317-4181-A783-F301BA065CC9}"
EndProject
Global
	GlobalSection(SolutionConfigurationPlatforms) = preSolution
		Debug|Any CPU = Debug|Any CPU
		Release|Any CPU = Release|Any CPU
	EndGlobalSection
	GlobalSection(ProjectConfigurationPlatforms) = postSolution
		{624E8347-A81B-417E-90FD-F6978D575036}.Debug|Any CPU.ActiveCfg = Debug|Any CPU
		{624E8347-A81B-417E-90FD-F6978D575036}.Debug|Any CPU.Build.0 = Debug|Any CPU
		{624E8347-A81B-417E-90FD-F6978D575036}.Release|Any CPU.ActiveCfg = Release|Any CPU
		{624E8347-A81B-417E-90FD-F6978D575036}.Release|Any CPU.Build.0 = Release|Any CPU
		{AC8CFB81-0317-4181-A783-F301BA065CC9}.Debug|Any CPU.ActiveCfg = Debug|Any CPU
		{AC8CFB81-0317-4181-A783-F301BA065CC9}.Debug|Any CPU.Build.0 = Debug|Any CPU
		{AC8CFB81-0317-4181-A783-F301BA065CC9}.Release|Any CPU.ActiveCfg = Release|Any CPU
		{AC8CFB81-0317-4181-A783-F301BA065CC9}.Release|Any CPU.Build.0 = Release|Any CPU
	EndGlobalSection
EndGlobal
